# This file is automatically @generated by Poetry 1.8.2 and should not be changed by hand.

[[package]]
name = "semver"
version = "3.0.2"
description = "Python helper for Semantic Versioning (https://semver.org)"
optional = false
python-versions = ">=3.7"
files = [
    {file = "semver-3.0.2-py3-none-any.whl", hash = "sha256:b1ea4686fe70b981f85359eda33199d60c53964284e0cfb4977d243e37cf4bf4"},
    {file = "semver-3.0.2.tar.gz", hash = "sha256:6253adb39c70f6e51afed2fa7152bcd414c411286088fb4b9effb133885ab4cc"},
]

[metadata]
lock-version = "2.0"
python-versions = "^3.10"
content-hash = "c62d2cc1f04742f7f831f7c5ba9ee8af536119b0f0d84ed3f21bf190567ac687"
